
Microsoft Visual Studio Solution File, Format Version 12.00
# Visual Studio Version 16
VisualStudioVersion = 16.0.32228.343
MinimumVisualStudioVersion = 10.0.40219.1
Project("{9A19103F-16F7-4668-BE54-9A1E7A4F7556}") = "CrudEmployee", "CrudEmployee.csproj", "{7F124C09-021E-4835-B8E0-F48C0279773A}"
EndProject
Project("{FAE04EC0-301F-11D3-BF4B-00C04F79EFBC}") = "Crud_UnitTest", "..\Crud_UnitTest\Crud_UnitTest.csproj", "{E3FC81A1-74B2-4997-A33B-9D586D4F9E8D}"
EndProject
Global
	GlobalSection(SolutionConfigurationPlatforms) = preSolution
		Debug|Any CPU = Debug|Any CPU
		Release|Any CPU = Release|Any CPU
	EndGlobalSection
	GlobalSection(ProjectConfigurationPlatforms) = postSolution
		{7F124C09-021E-4835-B8E0-F48C0279773A}.Debug|Any CPU.ActiveCfg = Debug|Any CPU
		{7F124C09-021E-4835-B8E0-F48C0279773A}.Debug|Any CPU.Build.0 = Debug|Any CPU
		{7F124C09-021E-4835-B8E0-F48C0279773A}.Release|Any CPU.ActiveCfg = Release|Any CPU
		{7F124C09-021E-4835-B8E0-F48C0279773A}.Release|Any CPU.Build.0 = Release|Any CPU
		{E3FC81A1-74B2-4997-A33B-9D586D4F9E8D}.Debug|Any CPU.ActiveCfg = Debug|Any CPU
		{E3FC81A1-74B2-4997-A33B-9D586D4F9E8D}.Debug|Any CPU.Build.0 = Debug|Any CPU
		{E3FC81A1-74B2-4997-A33B-9D586D4F9E8D}.Release|Any CPU.ActiveCfg = Release|Any CPU
		{E3FC81A1-74B2-4997-A33B-9D586D4F9E8D}.Release|Any CPU.Build.0 = Release|Any CPU
	EndGlobalSection
	GlobalSection(SolutionProperties) = preSolution
		HideSolutionNode = FALSE
	EndGlobalSection
	GlobalSection(ExtensibilityGlobals) = postSolution
		SolutionGuid = {34AE5280-C14E-4221-854A-C1E3CD7E575D}
	EndGlobalSection
EndGlobal
